
Microsoft Visual Studio Solution File, Format Version 12.00
# Visual Studio Version 16
VisualStudioVersion = 16.0.30204.135
MinimumVisualStudioVersion = 10.0.40219.1
Project("{FAE04EC0-301F-11D3-BF4B-00C04F79EFBC}") = "Navyblue.BaseLibrary", "Navyblue.BaseLibrary\Navyblue.BaseLibrary.csproj", "{F7BF1C99-E22B-4CC1-934E-34EE44B952EE}"
EndProjectNavyblue.BaseLibrary
Global
	GlobalSection(SolutionConfigurationPlatforms) = preSolution
		Debug|Any CPU = Debug|Any CPU
		Release|Any CPU = Release|Any CPU
	EndGlobalSection
	GlobalSection(ProjectConfigurationPlatforms) = postSolution
		{F7BF1C99-E22B-4CC1-934E-34EE44B952EE}.Debug|Any CPU.ActiveCfg = Debug|Any CPU
		{F7BF1C99-E22B-4CC1-934E-34EE44B952EE}.Debug|Any CPU.Build.0 = Debug|Any CPU
		{F7BF1C99-E22B-4CC1-934E-34EE44B952EE}.Release|Any CPU.ActiveCfg = Release|Any CPU
		{F7BF1C99-E22B-4CC1-934E-34EE44B952EE}.Release|Any CPU.Build.0 = Release|Any CPU
	EndGlobalSection
	GlobalSection(SolutionProperties) = preSolution
		HideSolutionNode = FALSE
	EndGlobalSection
	GlobalSection(ExtensibilityGlobals) = postSolution
		SolutionGuid = {8182266F-D551-4904-B27D-3C2E4A547962}
	EndGlobalSection
EndGlobal
