
Microsoft Visual Studio Solution File, Format Version 12.00
# Visual Studio Version 16
VisualStudioVersion = 16.0.30204.135
MinimumVisualStudioVersion = 10.0.40219.1
Project("{9A19103F-16F7-4668-BE54-9A1E7A4F7556}") = "Navyblue.BaseLibrary", "Navyblue.BaseLibrary\Navyblue.BaseLibrary.csproj", "{F7BF1C99-E22B-4CC1-934E-34EE44B952EE}"
EndProject
Project("{2150E333-8FDC-42A3-9474-1A3956D46DE8}") = "src", "src", "{827E0CD3-B72D-47B6-A68D-7590B98EB39B}"
EndProject
Project("{9A19103F-16F7-4668-BE54-9A1E7A4F7556}") = "Navyblue.Foundation.AspNetCore", "src\Navyblue.Foundation.AspNetCore\Navyblue.Foundation.AspNetCore.csproj", "{A447E0FA-933C-4A66-B529-AE1E84F465D4}"
	ProjectSection(ProjectDependencies) = postProject
		{F7BF1C99-E22B-4CC1-934E-34EE44B952EE} = {F7BF1C99-E22B-4CC1-934E-34EE44B952EE}
		{D5833C4B-E68D-4CE3-84C7-B62048622F0F} = {D5833C4B-E68D-4CE3-84C7-B62048622F0F}
	EndProjectSection
EndProject
Project("{9A19103F-16F7-4668-BE54-9A1E7A4F7556}") = "Navyblue.Foundation.Testing", "src\Navyblue.Foundation.Testing\Navyblue.Foundation.Testing.csproj", "{D3989C4D-1F4F-4DDA-94F0-606EF3932D79}"
	ProjectSection(ProjectDependencies) = postProject
		{F7BF1C99-E22B-4CC1-934E-34EE44B952EE} = {F7BF1C99-E22B-4CC1-934E-34EE44B952EE}
		{D5833C4B-E68D-4CE3-84C7-B62048622F0F} = {D5833C4B-E68D-4CE3-84C7-B62048622F0F}
	EndProjectSection
EndProject
Project("{9A19103F-16F7-4668-BE54-9A1E7A4F7556}") = "Navyblue.Foundation", "src\Navyblue.Foundation\Navyblue.Foundation.csproj", "{D5833C4B-E68D-4CE3-84C7-B62048622F0F}"
	ProjectSection(ProjectDependencies) = postProject
		{F7BF1C99-E22B-4CC1-934E-34EE44B952EE} = {F7BF1C99-E22B-4CC1-934E-34EE44B952EE}
	EndProjectSection
EndProject
Global
	GlobalSection(SolutionConfigurationPlatforms) = preSolution
		Debug|Any CPU = Debug|Any CPU
		Debug|x64 = Debug|x64
		Debug|x86 = Debug|x86
		Release|Any CPU = Release|Any CPU
		Release|x64 = Release|x64
		Release|x86 = Release|x86
	EndGlobalSection
	GlobalSection(ProjectConfigurationPlatforms) = postSolution
		{F7BF1C99-E22B-4CC1-934E-34EE44B952EE}.Debug|Any CPU.ActiveCfg = Debug|Any CPU
		{F7BF1C99-E22B-4CC1-934E-34EE44B952EE}.Debug|Any CPU.Build.0 = Debug|Any CPU
		{F7BF1C99-E22B-4CC1-934E-34EE44B952EE}.Debug|x64.ActiveCfg = Debug|Any CPU
		{F7BF1C99-E22B-4CC1-934E-34EE44B952EE}.Debug|x64.Build.0 = Debug|Any CPU
		{F7BF1C99-E22B-4CC1-934E-34EE44B952EE}.Debug|x86.ActiveCfg = Debug|Any CPU
		{F7BF1C99-E22B-4CC1-934E-34EE44B952EE}.Debug|x86.Build.0 = Debug|Any CPU
		{F7BF1C99-E22B-4CC1-934E-34EE44B952EE}.Release|Any CPU.ActiveCfg = Release|Any CPU
		{F7BF1C99-E22B-4CC1-934E-34EE44B952EE}.Release|Any CPU.Build.0 = Release|Any CPU
		{F7BF1C99-E22B-4CC1-934E-34EE44B952EE}.Release|x64.ActiveCfg = Release|Any CPU
		{F7BF1C99-E22B-4CC1-934E-34EE44B952EE}.Release|x64.Build.0 = Release|Any CPU
		{F7BF1C99-E22B-4CC1-934E-34EE44B952EE}.Release|x86.ActiveCfg = Release|Any CPU
		{F7BF1C99-E22B-4CC1-934E-34EE44B952EE}.Release|x86.Build.0 = Release|Any CPU
		{A447E0FA-933C-4A66-B529-AE1E84F465D4}.Debug|Any CPU.ActiveCfg = Debug|Any CPU
		{A447E0FA-933C-4A66-B529-AE1E84F465D4}.Debug|Any CPU.Build.0 = Debug|Any CPU
		{A447E0FA-933C-4A66-B529-AE1E84F465D4}.Debug|x64.ActiveCfg = Debug|Any CPU
		{A447E0FA-933C-4A66-B529-AE1E84F465D4}.Debug|x64.Build.0 = Debug|Any CPU
		{A447E0FA-933C-4A66-B529-AE1E84F465D4}.Debug|x86.ActiveCfg = Debug|Any CPU
		{A447E0FA-933C-4A66-B529-AE1E84F465D4}.Debug|x86.Build.0 = Debug|Any CPU
		{A447E0FA-933C-4A66-B529-AE1E84F465D4}.Release|Any CPU.ActiveCfg = Release|Any CPU
		{A447E0FA-933C-4A66-B529-AE1E84F465D4}.Release|Any CPU.Build.0 = Release|Any CPU
		{A447E0FA-933C-4A66-B529-AE1E84F465D4}.Release|x64.ActiveCfg = Release|Any CPU
		{A447E0FA-933C-4A66-B529-AE1E84F465D4}.Release|x64.Build.0 = Release|Any CPU
		{A447E0FA-933C-4A66-B529-AE1E84F465D4}.Release|x86.ActiveCfg = Release|Any CPU
		{A447E0FA-933C-4A66-B529-AE1E84F465D4}.Release|x86.Build.0 = Release|Any CPU
		{D3989C4D-1F4F-4DDA-94F0-606EF3932D79}.Debug|Any CPU.ActiveCfg = Debug|Any CPU
		{D3989C4D-1F4F-4DDA-94F0-606EF3932D79}.Debug|Any CPU.Build.0 = Debug|Any CPU
		{D3989C4D-1F4F-4DDA-94F0-606EF3932D79}.Debug|x64.ActiveCfg = Debug|Any CPU
		{D3989C4D-1F4F-4DDA-94F0-606EF3932D79}.Debug|x64.Build.0 = Debug|Any CPU
		{D3989C4D-1F4F-4DDA-94F0-606EF3932D79}.Debug|x86.ActiveCfg = Debug|Any CPU
		{D3989C4D-1F4F-4DDA-94F0-606EF3932D79}.Debug|x86.Build.0 = Debug|Any CPU
		{D3989C4D-1F4F-4DDA-94F0-606EF3932D79}.Release|Any CPU.ActiveCfg = Release|Any CPU
		{D3989C4D-1F4F-4DDA-94F0-606EF3932D79}.Release|Any CPU.Build.0 = Release|Any CPU
		{D3989C4D-1F4F-4DDA-94F0-606EF3932D79}.Release|x64.ActiveCfg = Release|Any CPU
		{D3989C4D-1F4F-4DDA-94F0-606EF3932D79}.Release|x64.Build.0 = Release|Any CPU
		{D3989C4D-1F4F-4DDA-94F0-606EF3932D79}.Release|x86.ActiveCfg = Release|Any CPU
		{D3989C4D-1F4F-4DDA-94F0-606EF3932D79}.Release|x86.Build.0 = Release|Any CPU
		{D5833C4B-E68D-4CE3-84C7-B62048622F0F}.Debug|Any CPU.ActiveCfg = Debug|Any CPU
		{D5833C4B-E68D-4CE3-84C7-B62048622F0F}.Debug|Any CPU.Build.0 = Debug|Any CPU
		{D5833C4B-E68D-4CE3-84C7-B62048622F0F}.Debug|x64.ActiveCfg = Debug|Any CPU
		{D5833C4B-E68D-4CE3-84C7-B62048622F0F}.Debug|x64.Build.0 = Debug|Any CPU
		{D5833C4B-E68D-4CE3-84C7-B62048622F0F}.Debug|x86.ActiveCfg = Debug|Any CPU
		{D5833C4B-E68D-4CE3-84C7-B62048622F0F}.Debug|x86.Build.0 = Debug|Any CPU
		{D5833C4B-E68D-4CE3-84C7-B62048622F0F}.Release|Any CPU.ActiveCfg = Release|Any CPU
		{D5833C4B-E68D-4CE3-84C7-B62048622F0F}.Release|Any CPU.Build.0 = Release|Any CPU
		{D5833C4B-E68D-4CE3-84C7-B62048622F0F}.Release|x64.ActiveCfg = Release|Any CPU
		{D5833C4B-E68D-4CE3-84C7-B62048622F0F}.Release|x64.Build.0 = Release|Any CPU
		{D5833C4B-E68D-4CE3-84C7-B62048622F0F}.Release|x86.ActiveCfg = Release|Any CPU
		{D5833C4B-E68D-4CE3-84C7-B62048622F0F}.Release|x86.Build.0 = Release|Any CPU
	EndGlobalSection
	GlobalSection(SolutionProperties) = preSolution
		HideSolutionNode = FALSE
	EndGlobalSection
	GlobalSection(NestedProjects) = preSolution
		{A447E0FA-933C-4A66-B529-AE1E84F465D4} = {827E0CD3-B72D-47B6-A68D-7590B98EB39B}
		{D3989C4D-1F4F-4DDA-94F0-606EF3932D79} = {827E0CD3-B72D-47B6-A68D-7590B98EB39B}
		{D5833C4B-E68D-4CE3-84C7-B62048622F0F} = {827E0CD3-B72D-47B6-A68D-7590B98EB39B}
	EndGlobalSection
	GlobalSection(ExtensibilityGlobals) = postSolution
		SolutionGuid = {8182266F-D551-4904-B27D-3C2E4A547962}
	EndGlobalSection
EndGlobal
