
Microsoft Visual Studio Solution File, Format Version 12.00
# Visual Studio Version 16
VisualStudioVersion = 16.0.30204.135
MinimumVisualStudioVersion = 10.0.40219.1
Project("{9A19103F-16F7-4668-BE54-9A1E7A4F7556}") = "Navyblue.BaseLibrary", "Navyblue.BaseLibrary\Navyblue.BaseLibrary.csproj", "{13ED3C06-5FAA-4BA2-B5B3-2BAC3FFA5D04}"
EndProject
Global
	GlobalSection(SolutionConfigurationPlatforms) = preSolution
		Debug|Any CPU = Debug|Any CPU
		Release|Any CPU = Release|Any CPU
	EndGlobalSection
	GlobalSection(ProjectConfigurationPlatforms) = postSolution
		{13ED3C06-5FAA-4BA2-B5B3-2BAC3FFA5D04}.Debug|Any CPU.ActiveCfg = Debug|Any CPU
		{13ED3C06-5FAA-4BA2-B5B3-2BAC3FFA5D04}.Debug|Any CPU.Build.0 = Debug|Any CPU
		{13ED3C06-5FAA-4BA2-B5B3-2BAC3FFA5D04}.Release|Any CPU.ActiveCfg = Release|Any CPU
		{13ED3C06-5FAA-4BA2-B5B3-2BAC3FFA5D04}.Release|Any CPU.Build.0 = Release|Any CPU
	EndGlobalSection
	GlobalSection(SolutionProperties) = preSolution
		HideSolutionNode = FALSE
	EndGlobalSection
	GlobalSection(ExtensibilityGlobals) = postSolution
		SolutionGuid = {8182266F-D551-4904-B27D-3C2E4A547962}
	EndGlobalSection
EndGlobal
