
Microsoft Visual Studio Solution File, Format Version 12.00
# Visual Studio Version 17
VisualStudioVersion = 17.0.31903.59
MinimumVisualStudioVersion = 10.0.40219.1
Project("{2150E333-8FDC-42A3-9474-1A3956D46DE8}") = "src", "src", "{A1A1A1A1-1111-1111-1111-111111111111}"
EndProject
Project("{9A19103F-16F7-4668-BE54-9A1E7A4F7556}") = "Navyblue.Samples.Domain", "Navyblue.Samples.Domain\Navyblue.Samples.Domain.csproj", "{D0D0D0D0-0000-0000-0000-000000000001}"
EndProject
Project("{9A19103F-16F7-4668-BE54-9A1E7A4F7556}") = "Navyblue.Samples.Model", "Navyblue.Samples.Model\Navyblue.Samples.Model.csproj", "{D0D0D0D0-0000-0000-0000-000000000002}"
EndProject
Project("{9A19103F-16F7-4668-BE54-9A1E7A4F7556}") = "Navyblue.Samples.Application", "Navyblue.Samples.Application\Navyblue.Samples.Application.csproj", "{D0D0D0D0-0000-0000-0000-000000000003}"
EndProject
Project("{9A19103F-16F7-4668-BE54-9A1E7A4F7556}") = "Navyblue.Samples.Infrastructure", "Navyblue.Samples.Infrastructure\Navyblue.Samples.Infrastructure.csproj", "{D0D0D0D0-0000-0000-0000-000000000004}"
EndProject
Project("{9A19103F-16F7-4668-BE54-9A1E7A4F7556}") = "Navyblue.Samples.Web", "Navyblue.Samples.Web\Navyblue.Samples.Web.csproj", "{D0D0D0D0-0000-0000-0000-000000000005}"
EndProject
Global
	GlobalSection(SolutionConfigurationPlatforms) = preSolution
		Debug|Any CPU = Debug|Any CPU
		Release|Any CPU = Release|Any CPU
	EndGlobalSection
	GlobalSection(ProjectConfigurationPlatforms) = postSolution
		{D0D0D0D0-0000-0000-0000-000000000001}.Debug|Any CPU.ActiveCfg = Debug|Any CPU
		{D0D0D0D0-0000-0000-0000-000000000001}.Debug|Any CPU.Build.0 = Debug|Any CPU
		{D0D0D0D0-0000-0000-0000-000000000001}.Release|Any CPU.ActiveCfg = Release|Any CPU
		{D0D0D0D0-0000-0000-0000-000000000001}.Release|Any CPU.Build.0 = Release|Any CPU
		{D0D0D0D0-0000-0000-0000-000000000002}.Debug|Any CPU.ActiveCfg = Debug|Any CPU
		{D0D0D0D0-0000-0000-0000-000000000002}.Debug|Any CPU.Build.0 = Debug|Any CPU
		{D0D0D0D0-0000-0000-0000-000000000002}.Release|Any CPU.ActiveCfg = Release|Any CPU
		{D0D0D0D0-0000-0000-0000-000000000002}.Release|Any CPU.Build.0 = Release|Any CPU
		{D0D0D0D0-0000-0000-0000-000000000003}.Debug|Any CPU.ActiveCfg = Debug|Any CPU
		{D0D0D0D0-0000-0000-0000-000000000003}.Debug|Any CPU.Build.0 = Debug|Any CPU
		{D0D0D0D0-0000-0000-0000-000000000003}.Release|Any CPU.ActiveCfg = Release|Any CPU
		{D0D0D0D0-0000-0000-0000-000000000003}.Release|Any CPU.Build.0 = Release|Any CPU
		{D0D0D0D0-0000-0000-0000-000000000004}.Debug|Any CPU.ActiveCfg = Debug|Any CPU
		{D0D0D0D0-0000-0000-0000-000000000004}.Debug|Any CPU.Build.0 = Debug|Any CPU
		{D0D0D0D0-0000-0000-0000-000000000004}.Release|Any CPU.ActiveCfg = Release|Any CPU
		{D0D0D0D0-0000-0000-0000-000000000004}.Release|Any CPU.Build.0 = Release|Any CPU
		{D0D0D0D0-0000-0000-0000-000000000005}.Debug|Any CPU.ActiveCfg = Debug|Any CPU
		{D0D0D0D0-0000-0000-0000-000000000005}.Debug|Any CPU.Build.0 = Debug|Any CPU
		{D0D0D0D0-0000-0000-0000-000000000005}.Release|Any CPU.ActiveCfg = Release|Any CPU
		{D0D0D0D0-0000-0000-0000-000000000005}.Release|Any CPU.Build.0 = Release|Any CPU
	EndGlobalSection
	GlobalSection(SolutionProperties) = preSolution
		HideSolutionNode = FALSE
	EndGlobalSection
	GlobalSection(NestedProjects) = preSolution
		{D0D0D0D0-0000-0000-0000-000000000001} = {A1A1A1A1-1111-1111-1111-111111111111}
		{D0D0D0D0-0000-0000-0000-000000000002} = {A1A1A1A1-1111-1111-1111-111111111111}
		{D0D0D0D0-0000-0000-0000-000000000003} = {A1A1A1A1-1111-1111-1111-111111111111}
		{D0D0D0D0-0000-0000-0000-000000000004} = {A1A1A1A1-1111-1111-1111-111111111111}
		{D0D0D0D0-0000-0000-0000-000000000005} = {A1A1A1A1-1111-1111-1111-111111111111}
	EndGlobalSection
	GlobalSection(ExtensibilityGlobals) = postSolution
		SolutionGuid = {B2B2B2B2-2222-2222-2222-222222222222}
	EndGlobalSection
EndGlobal
